
Microsoft Visual Studio Solution File, Format Version 12.00
# Visual Studio Version 17
VisualStudioVersion = 17.3.32505.426
MinimumVisualStudioVersion = 10.0.40219.1
Project("{FAE04EC0-301F-11D3-BF4B-00C04F79EFBC}") = "MiddleWare Api HomeWork", "MiddleWare Api HomeWork\MiddleWare Api HomeWork.csproj", "{BD2A8A38-24E0-45A7-8E6F-9352FA2890FB}"
EndProject
Global
	GlobalSection(SolutionConfigurationPlatforms) = preSolution
		Debug|Any CPU = Debug|Any CPU
		Release|Any CPU = Release|Any CPU
	EndGlobalSection
	GlobalSection(ProjectConfigurationPlatforms) = postSolution
		{BD2A8A38-24E0-45A7-8E6F-9352FA2890FB}.Debug|Any CPU.ActiveCfg = Debug|Any CPU
		{BD2A8A38-24E0-45A7-8E6F-9352FA2890FB}.Debug|Any CPU.Build.0 = Debug|Any CPU
		{BD2A8A38-24E0-45A7-8E6F-9352FA2890FB}.Release|Any CPU.ActiveCfg = Release|Any CPU
		{BD2A8A38-24E0-45A7-8E6F-9352FA2890FB}.Release|Any CPU.Build.0 = Release|Any CPU
	EndGlobalSection
	GlobalSection(SolutionProperties) = preSolution
		HideSolutionNode = FALSE
	EndGlobalSection
	GlobalSection(ExtensibilityGlobals) = postSolution
		SolutionGuid = {0B51876E-DFB0-4D57-9803-E279484C0C2D}
	EndGlobalSection
EndGlobal
